// !$*UTF8*$!
{
	archiveVersion = 1;
	classes = {
	};
	objectVersion = 56;
	objects = {

/* Begin PBXBuildFile section */
		5AA9DF0729F9805700E87603 /* PostersShoppingApp.swift in Sources */ = {isa = PBXBuildFile; fileRef = 5AA9DF0629F9805700E87603 /* PostersShoppingApp.swift */; };
		5AA9DF0929F9805700E87603 /* ContentView.swift in Sources */ = {isa = PBXBuildFile; fileRef = 5AA9DF0829F9805700E87603 /* ContentView.swift */; };
		5AA9DF0B29F9805900E87603 /* Assets.xcassets in Resources */ = {isa = PBXBuildFile; fileRef = 5AA9DF0A29F9805900E87603 /* Assets.xcassets */; };
		5AA9DF0E29F9805900E87603 /* Preview Assets.xcassets in Resources */ = {isa = PBXBuildFile; fileRef = 5AA9DF0D29F9805900E87603 /* Preview Assets.xcassets */; };
		5AA9DF1829F9805A00E87603 /* posters_shopping_appTests.swift in Sources */ = {isa = PBXBuildFile; fileRef = 5AA9DF1729F9805A00E87603 /* posters_shopping_appTests.swift */; };
		5AA9DF2229F9805A00E87603 /* posters_shopping_appUITests.swift in Sources */ = {isa = PBXBuildFile; fileRef = 5AA9DF2129F9805A00E87603 /* posters_shopping_appUITests.swift */; };
		5AA9DF2429F9805A00E87603 /* posters_shopping_appUITestsLaunchTests.swift in Sources */ = {isa = PBXBuildFile; fileRef = 5AA9DF2329F9805A00E87603 /* posters_shopping_appUITestsLaunchTests.swift */; };
		5AA9DF3429F9812000E87603 /* Poster.swift in Sources */ = {isa = PBXBuildFile; fileRef = 5AA9DF3329F9812000E87603 /* Poster.swift */; };
		5AA9DF3729F9AFFD00E87603 /* BottomCurve.swift in Sources */ = {isa = PBXBuildFile; fileRef = 5AA9DF3629F9AFFD00E87603 /* BottomCurve.swift */; };
		5AA9DF3929FAD30700E87603 /* CustomTabBarView.swift in Sources */ = {isa = PBXBuildFile; fileRef = 5AA9DF3829FAD30700E87603 /* CustomTabBarView.swift */; };
		5AA9DF3C29FAD48D00E87603 /* Tabs.swift in Sources */ = {isa = PBXBuildFile; fileRef = 5AA9DF3B29FAD48D00E87603 /* Tabs.swift */; };
		5AA9DF3E29FAD52800E87603 /* ViewExtension.swift in Sources */ = {isa = PBXBuildFile; fileRef = 5AA9DF3D29FAD52800E87603 /* ViewExtension.swift */; };
		5AA9DF4029FAD9E500E87603 /* PosterViewModel.swift in Sources */ = {isa = PBXBuildFile; fileRef = 5AA9DF3F29FAD9E500E87603 /* PosterViewModel.swift */; };
		5AA9DF4229FADA6400E87603 /* DetailView.swift in Sources */ = {isa = PBXBuildFile; fileRef = 5AA9DF4129FADA6400E87603 /* DetailView.swift */; };
		5AA9DF4429FAE13E00E87603 /* HomeView.swift in Sources */ = {isa = PBXBuildFile; fileRef = 5AA9DF4329FAE13E00E87603 /* HomeView.swift */; };
		5AA9DF4829FB0DD500E87603 /* SearchResultView.swift in Sources */ = {isa = PBXBuildFile; fileRef = 5AA9DF4729FB0DD500E87603 /* SearchResultView.swift */; };
		5AA9DF4A29FB0E3A00E87603 /* CardView.swift in Sources */ = {isa = PBXBuildFile; fileRef = 5AA9DF4929FB0E3A00E87603 /* CardView.swift */; };
		5AA9DF4C29FB10F400E87603 /* CartViewModel.swift in Sources */ = {isa = PBXBuildFile; fileRef = 5AA9DF4B29FB10F400E87603 /* CartViewModel.swift */; };
		5AA9DF4E29FB121800E87603 /* CartView.swift in Sources */ = {isa = PBXBuildFile; fileRef = 5AA9DF4D29FB121800E87603 /* CartView.swift */; };
/* End PBXBuildFile section */

/* Begin PBXContainerItemProxy section */
		5AA9DF1429F9805A00E87603 /* PBXContainerItemProxy */ = {
			isa = PBXContainerItemProxy;
			containerPortal = 5AA9DEFB29F9805700E87603 /* Project object */;
			proxyType = 1;
			remoteGlobalIDString = 5AA9DF0229F9805700E87603;
			remoteInfo = "posters-shopping-app";
		};
		5AA9DF1E29F9805A00E87603 /* PBXContainerItemProxy */ = {
			isa = PBXContainerItemProxy;
			containerPortal = 5AA9DEFB29F9805700E87603 /* Project object */;
			proxyType = 1;
			remoteGlobalIDString = 5AA9DF0229F9805700E87603;
			remoteInfo = "posters-shopping-app";
		};
/* End PBXContainerItemProxy section */

/* Begin PBXFileReference section */
		5AA9DF0329F9805700E87603 /* posters-shopping-app.app */ = {isa = PBXFileReference; explicitFileType = wrapper.application; includeInIndex = 0; path = "posters-shopping-app.app"; sourceTree = BUILT_PRODUCTS_DIR; };
		5AA9DF0629F9805700E87603 /* PostersShoppingApp.swift */ = {isa = PBXFileReference; lastKnownFileType = sourcecode.swift; path = PostersShoppingApp.swift; sourceTree = "<group>"; };
		5AA9DF0829F9805700E87603 /* ContentView.swift */ = {isa = PBXFileReference; lastKnownFileType = sourcecode.swift; path = ContentView.swift; sourceTree = "<group>"; };
		5AA9DF0A29F9805900E87603 /* Assets.xcassets */ = {isa = PBXFileReference; lastKnownFileType = folder.assetcatalog; path = Assets.xcassets; sourceTree = "<group>"; };
		5AA9DF0D29F9805900E87603 /* Preview Assets.xcassets */ = {isa = PBXFileReference; lastKnownFileType = folder.assetcatalog; path = "Preview Assets.xcassets"; sourceTree = "<group>"; };
		5AA9DF1329F9805A00E87603 /* posters-shopping-appTests.xctest */ = {isa = PBXFileReference; explicitFileType = wrapper.cfbundle; includeInIndex = 0; path = "posters-shopping-appTests.xctest"; sourceTree = BUILT_PRODUCTS_DIR; };
		5AA9DF1729F9805A00E87603 /* posters_shopping_appTests.swift */ = {isa = PBXFileReference; lastKnownFileType = sourcecode.swift; path = posters_shopping_appTests.swift; sourceTree = "<group>"; };
		5AA9DF1D29F9805A00E87603 /* posters-shopping-appUITests.xctest */ = {isa = PBXFileReference; explicitFileType = wrapper.cfbundle; includeInIndex = 0; path = "posters-shopping-appUITests.xctest"; sourceTree = BUILT_PRODUCTS_DIR; };
		5AA9DF2129F9805A00E87603 /* posters_shopping_appUITests.swift */ = {isa = PBXFileReference; lastKnownFileType = sourcecode.swift; path = posters_shopping_appUITests.swift; sourceTree = "<group>"; };
		5AA9DF2329F9805A00E87603 /* posters_shopping_appUITestsLaunchTests.swift */ = {isa = PBXFileReference; lastKnownFileType = sourcecode.swift; path = posters_shopping_appUITestsLaunchTests.swift; sourceTree = "<group>"; };
		5AA9DF3329F9812000E87603 /* Poster.swift */ = {isa = PBXFileReference; lastKnownFileType = sourcecode.swift; path = Poster.swift; sourceTree = "<group>"; };
		5AA9DF3629F9AFFD00E87603 /* BottomCurve.swift */ = {isa = PBXFileReference; lastKnownFileType = sourcecode.swift; path = BottomCurve.swift; sourceTree = "<group>"; };
		5AA9DF3829FAD30700E87603 /* CustomTabBarView.swift */ = {isa = PBXFileReference; lastKnownFileType = sourcecode.swift; path = CustomTabBarView.swift; sourceTree = "<group>"; };
		5AA9DF3B29FAD48D00E87603 /* Tabs.swift */ = {isa = PBXFileReference; lastKnownFileType = sourcecode.swift; path = Tabs.swift; sourceTree = "<group>"; };
		5AA9DF3D29FAD52800E87603 /* ViewExtension.swift */ = {isa = PBXFileReference; lastKnownFileType = sourcecode.swift; path = ViewExtension.swift; sourceTree = "<group>"; };
		5AA9DF3F29FAD9E500E87603 /* PosterViewModel.swift */ = {isa = PBXFileReference; lastKnownFileType = sourcecode.swift; path = PosterViewModel.swift; sourceTree = "<group>"; };
		5AA9DF4129FADA6400E87603 /* DetailView.swift */ = {isa = PBXFileReference; lastKnownFileType = sourcecode.swift; path = DetailView.swift; sourceTree = "<group>"; };
		5AA9DF4329FAE13E00E87603 /* HomeView.swift */ = {isa = PBXFileReference; lastKnownFileType = sourcecode.swift; path = HomeView.swift; sourceTree = "<group>"; };
		5AA9DF4729FB0DD500E87603 /* SearchResultView.swift */ = {isa = PBXFileReference; lastKnownFileType = sourcecode.swift; path = SearchResultView.swift; sourceTree = "<group>"; };
		5AA9DF4929FB0E3A00E87603 /* CardView.swift */ = {isa = PBXFileReference; lastKnownFileType = sourcecode.swift; path = CardView.swift; sourceTree = "<group>"; };
		5AA9DF4B29FB10F400E87603 /* CartViewModel.swift */ = {isa = PBXFileReference; lastKnownFileType = sourcecode.swift; path = CartViewModel.swift; sourceTree = "<group>"; };
		5AA9DF4D29FB121800E87603 /* CartView.swift */ = {isa = PBXFileReference; lastKnownFileType = sourcecode.swift; path = CartView.swift; sourceTree = "<group>"; };
/* End PBXFileReference section */

/* Begin PBXFrameworksBuildPhase section */
		5AA9DF0029F9805700E87603 /* Frameworks */ = {
			isa = PBXFrameworksBuildPhase;
			buildActionMask = 2147483647;
			files = (
			);
			runOnlyForDeploymentPostprocessing = 0;
		};
		5AA9DF1029F9805A00E87603 /* Frameworks */ = {
			isa = PBXFrameworksBuildPhase;
			buildActionMask = 2147483647;
			files = (
			);
			runOnlyForDeploymentPostprocessing = 0;
		};
		5AA9DF1A29F9805A00E87603 /* Frameworks */ = {
			isa = PBXFrameworksBuildPhase;
			buildActionMask = 2147483647;
			files = (
			);
			runOnlyForDeploymentPostprocessing = 0;
		};
/* End PBXFrameworksBuildPhase section */

/* Begin PBXGroup section */
		5AA9DEFA29F9805700E87603 = {
			isa = PBXGroup;
			children = (
				5AA9DF0529F9805700E87603 /* posters-shopping-app */,
				5AA9DF1629F9805A00E87603 /* posters-shopping-appTests */,
				5AA9DF2029F9805A00E87603 /* posters-shopping-appUITests */,
				5AA9DF0429F9805700E87603 /* Products */,
			);
			sourceTree = "<group>";
		};
		5AA9DF0429F9805700E87603 /* Products */ = {
			isa = PBXGroup;
			children = (
				5AA9DF0329F9805700E87603 /* posters-shopping-app.app */,
				5AA9DF1329F9805A00E87603 /* posters-shopping-appTests.xctest */,
				5AA9DF1D29F9805A00E87603 /* posters-shopping-appUITests.xctest */,
			);
			name = Products;
			sourceTree = "<group>";
		};
		5AA9DF0529F9805700E87603 /* posters-shopping-app */ = {
			isa = PBXGroup;
			children = (
				5AA9DF0A29F9805900E87603 /* Assets.xcassets */,
				5AA9DF0629F9805700E87603 /* PostersShoppingApp.swift */,
				5AA9DF0829F9805700E87603 /* ContentView.swift */,
				5AA9DF3229F980D200E87603 /* Models */,
				5AA9DF3129F980CC00E87603 /* Views */,
				5AA9DF3029F980BA00E87603 /* ViewModels */,
				5AA9DF3A29FAD45900E87603 /* Helpers */,
				5AA9DF0C29F9805900E87603 /* Preview Content */,
			);
			path = "posters-shopping-app";
			sourceTree = "<group>";
		};
		5AA9DF0C29F9805900E87603 /* Preview Content */ = {
			isa = PBXGroup;
			children = (
				5AA9DF0D29F9805900E87603 /* Preview Assets.xcassets */,
			);
			path = "Preview Content";
			sourceTree = "<group>";
		};
		5AA9DF1629F9805A00E87603 /* posters-shopping-appTests */ = {
			isa = PBXGroup;
			children = (
				5AA9DF1729F9805A00E87603 /* posters_shopping_appTests.swift */,
			);
			path = "posters-shopping-appTests";
			sourceTree = "<group>";
		};
		5AA9DF2029F9805A00E87603 /* posters-shopping-appUITests */ = {
			isa = PBXGroup;
			children = (
				5AA9DF2129F9805A00E87603 /* posters_shopping_appUITests.swift */,
				5AA9DF2329F9805A00E87603 /* posters_shopping_appUITestsLaunchTests.swift */,
			);
			path = "posters-shopping-appUITests";
			sourceTree = "<group>";
		};
		5AA9DF3029F980BA00E87603 /* ViewModels */ = {
			isa = PBXGroup;
			children = (
				5AA9DF3F29FAD9E500E87603 /* PosterViewModel.swift */,
				5AA9DF4B29FB10F400E87603 /* CartViewModel.swift */,
			);
			path = ViewModels;
			sourceTree = "<group>";
		};
		5AA9DF3129F980CC00E87603 /* Views */ = {
			isa = PBXGroup;
			children = (
				5AA9DF3529F9AA2E00E87603 /* CustomTabBar */,
				5AA9DF4129FADA6400E87603 /* DetailView.swift */,
				5AA9DF4329FAE13E00E87603 /* HomeView.swift */,
				5AA9DF4729FB0DD500E87603 /* SearchResultView.swift */,
				5AA9DF4929FB0E3A00E87603 /* CardView.swift */,
				5AA9DF4D29FB121800E87603 /* CartView.swift */,
			);
			path = Views;
			sourceTree = "<group>";
		};
		5AA9DF3229F980D200E87603 /* Models */ = {
			isa = PBXGroup;
			children = (
				5AA9DF3329F9812000E87603 /* Poster.swift */,
			);
			path = Models;
			sourceTree = "<group>";
		};
		5AA9DF3529F9AA2E00E87603 /* CustomTabBar */ = {
			isa = PBXGroup;
			children = (
				5AA9DF3629F9AFFD00E87603 /* BottomCurve.swift */,
				5AA9DF3829FAD30700E87603 /* CustomTabBarView.swift */,
			);
			path = CustomTabBar;
			sourceTree = "<group>";
		};
		5AA9DF3A29FAD45900E87603 /* Helpers */ = {
			isa = PBXGroup;
			children = (
				5AA9DF3B29FAD48D00E87603 /* Tabs.swift */,
				5AA9DF3D29FAD52800E87603 /* ViewExtension.swift */,
			);
			path = Helpers;
			sourceTree = "<group>";
		};
/* End PBXGroup section */

/* Begin PBXNativeTarget section */
		5AA9DF0229F9805700E87603 /* posters-shopping-app */ = {
			isa = PBXNativeTarget;
			buildConfigurationList = 5AA9DF2729F9805A00E87603 /* Build configuration list for PBXNativeTarget "posters-shopping-app" */;
			buildPhases = (
				5AA9DEFF29F9805700E87603 /* Sources */,
				5AA9DF0029F9805700E87603 /* Frameworks */,
				5AA9DF0129F9805700E87603 /* Resources */,
			);
			buildRules = (
			);
			dependencies = (
			);
			name = "posters-shopping-app";
			productName = "posters-shopping-app";
			productReference = 5AA9DF0329F9805700E87603 /* posters-shopping-app.app */;
			productType = "com.apple.product-type.application";
		};
		5AA9DF1229F9805A00E87603 /* posters-shopping-appTests */ = {
			isa = PBXNativeTarget;
			buildConfigurationList = 5AA9DF2A29F9805A00E87603 /* Build configuration list for PBXNativeTarget "posters-shopping-appTests" */;
			buildPhases = (
				5AA9DF0F29F9805A00E87603 /* Sources */,
				5AA9DF1029F9805A00E87603 /* Frameworks */,
				5AA9DF1129F9805A00E87603 /* Resources */,
			);
			buildRules = (
			);
			dependencies = (
				5AA9DF1529F9805A00E87603 /* PBXTargetDependency */,
			);
			name = "posters-shopping-appTests";
			productName = "posters-shopping-appTests";
			productReference = 5AA9DF1329F9805A00E87603 /* posters-shopping-appTests.xctest */;
			productType = "com.apple.product-type.bundle.unit-test";
		};
		5AA9DF1C29F9805A00E87603 /* posters-shopping-appUITests */ = {
			isa = PBXNativeTarget;
			buildConfigurationList = 5AA9DF2D29F9805A00E87603 /* Build configuration list for PBXNativeTarget "posters-shopping-appUITests" */;
			buildPhases = (
				5AA9DF1929F9805A00E87603 /* Sources */,
				5AA9DF1A29F9805A00E87603 /* Frameworks */,
				5AA9DF1B29F9805A00E87603 /* Resources */,
			);
			buildRules = (
			);
			dependencies = (
				5AA9DF1F29F9805A00E87603 /* PBXTargetDependency */,
			);
			name = "posters-shopping-appUITests";
			productName = "posters-shopping-appUITests";
			productReference = 5AA9DF1D29F9805A00E87603 /* posters-shopping-appUITests.xctest */;
			productType = "com.apple.product-type.bundle.ui-testing";
		};
/* End PBXNativeTarget section */

/* Begin PBXProject section */
		5AA9DEFB29F9805700E87603 /* Project object */ = {
			isa = PBXProject;
			attributes = {
				BuildIndependentTargetsInParallel = 1;
				LastSwiftUpdateCheck = 1430;
				LastUpgradeCheck = 1430;
				TargetAttributes = {
					5AA9DF0229F9805700E87603 = {
						CreatedOnToolsVersion = 14.3;
					};
					5AA9DF1229F9805A00E87603 = {
						CreatedOnToolsVersion = 14.3;
						TestTargetID = 5AA9DF0229F9805700E87603;
					};
					5AA9DF1C29F9805A00E87603 = {
						CreatedOnToolsVersion = 14.3;
						TestTargetID = 5AA9DF0229F9805700E87603;
					};
				};
			};
			buildConfigurationList = 5AA9DEFE29F9805700E87603 /* Build configuration list for PBXProject "posters-shopping-app" */;
			compatibilityVersion = "Xcode 14.0";
			developmentRegion = en;
			hasScannedForEncodings = 0;
			knownRegions = (
				en,
				Base,
			);
			mainGroup = 5AA9DEFA29F9805700E87603;
			productRefGroup = 5AA9DF0429F9805700E87603 /* Products */;
			projectDirPath = "";
			projectRoot = "";
			targets = (
				5AA9DF0229F9805700E87603 /* posters-shopping-app */,
				5AA9DF1229F9805A00E87603 /* posters-shopping-appTests */,
				5AA9DF1C29F9805A00E87603 /* posters-shopping-appUITests */,
			);
		};
/* End PBXProject section */

/* Begin PBXResourcesBuildPhase section */
		5AA9DF0129F9805700E87603 /* Resources */ = {
			isa = PBXResourcesBuildPhase;
			buildActionMask = 2147483647;
			files = (
				5AA9DF0E29F9805900E87603 /* Preview Assets.xcassets in Resources */,
				5AA9DF0B29F9805900E87603 /* Assets.xcassets in Resources */,
			);
			runOnlyForDeploymentPostprocessing = 0;
		};
		5AA9DF1129F9805A00E87603 /* Resources */ = {
			isa = PBXResourcesBuildPhase;
			buildActionMask = 2147483647;
			files = (
			);
			runOnlyForDeploymentPostprocessing = 0;
		};
		5AA9DF1B29F9805A00E87603 /* Resources */ = {
			isa = PBXResourcesBuildPhase;
			buildActionMask = 2147483647;
			files = (
			);
			runOnlyForDeploymentPostprocessing = 0;
		};
/* End PBXResourcesBuildPhase section */

/* Begin PBXSourcesBuildPhase section */
		5AA9DEFF29F9805700E87603 /* Sources */ = {
			isa = PBXSourcesBuildPhase;
			buildActionMask = 2147483647;
			files = (
				5AA9DF0929F9805700E87603 /* ContentView.swift in Sources */,
				5AA9DF4229FADA6400E87603 /* DetailView.swift in Sources */,
				5AA9DF4029FAD9E500E87603 /* PosterViewModel.swift in Sources */,
				5AA9DF4C29FB10F400E87603 /* CartViewModel.swift in Sources */,
				5AA9DF4429FAE13E00E87603 /* HomeView.swift in Sources */,
				5AA9DF3929FAD30700E87603 /* CustomTabBarView.swift in Sources */,
				5AA9DF0729F9805700E87603 /* PostersShoppingApp.swift in Sources */,
				5AA9DF4829FB0DD500E87603 /* SearchResultView.swift in Sources */,
				5AA9DF4E29FB121800E87603 /* CartView.swift in Sources */,
				5AA9DF3E29FAD52800E87603 /* ViewExtension.swift in Sources */,
				5AA9DF3729F9AFFD00E87603 /* BottomCurve.swift in Sources */,
				5AA9DF3429F9812000E87603 /* Poster.swift in Sources */,
				5AA9DF4A29FB0E3A00E87603 /* CardView.swift in Sources */,
				5AA9DF3C29FAD48D00E87603 /* Tabs.swift in Sources */,
			);
			runOnlyForDeploymentPostprocessing = 0;
		};
		5AA9DF0F29F9805A00E87603 /* Sources */ = {
			isa = PBXSourcesBuildPhase;
			buildActionMask = 2147483647;
			files = (
				5AA9DF1829F9805A00E87603 /* posters_shopping_appTests.swift in Sources */,
			);
			runOnlyForDeploymentPostprocessing = 0;
		};
		5AA9DF1929F9805A00E87603 /* Sources */ = {
			isa = PBXSourcesBuildPhase;
			buildActionMask = 2147483647;
			files = (
				5AA9DF2229F9805A00E87603 /* posters_shopping_appUITests.swift in Sources */,
				5AA9DF2429F9805A00E87603 /* posters_shopping_appUITestsLaunchTests.swift in Sources */,
			);
			runOnlyForDeploymentPostprocessing = 0;
		};
/* End PBXSourcesBuildPhase section */

/* Begin PBXTargetDependency section */
		5AA9DF1529F9805A00E87603 /* PBXTargetDependency */ = {
			isa = PBXTargetDependency;
			target = 5AA9DF0229F9805700E87603 /* posters-shopping-app */;
			targetProxy = 5AA9DF1429F9805A00E87603 /* PBXContainerItemProxy */;
		};
		5AA9DF1F29F9805A00E87603 /* PBXTargetDependency */ = {
			isa = PBXTargetDependency;
			target = 5AA9DF0229F9805700E87603 /* posters-shopping-app */;
			targetProxy = 5AA9DF1E29F9805A00E87603 /* PBXContainerItemProxy */;
		};
/* End PBXTargetDependency section */

/* Begin XCBuildConfiguration section */
		5AA9DF2529F9805A00E87603 /* Debug */ = {
			isa = XCBuildConfiguration;
			buildSettings = {
				ALWAYS_SEARCH_USER_PATHS = NO;
				CLANG_ANALYZER_NONNULL = YES;
				CLANG_ANALYZER_NUMBER_OBJECT_CONVERSION = YES_AGGRESSIVE;
				CLANG_CXX_LANGUAGE_STANDARD = "gnu++20";
				CLANG_ENABLE_MODULES = YES;
				CLANG_ENABLE_OBJC_ARC = YES;
				CLANG_ENABLE_OBJC_WEAK = YES;
				CLANG_WARN_BLOCK_CAPTURE_AUTORELEASING = YES;
				CLANG_WARN_BOOL_CONVERSION = YES;
				CLANG_WARN_COMMA = YES;
				CLANG_WARN_CONSTANT_CONVERSION = YES;
				CLANG_WARN_DEPRECATED_OBJC_IMPLEMENTATIONS = YES;
				CLANG_WARN_DIRECT_OBJC_ISA_USAGE = YES_ERROR;
				CLANG_WARN_DOCUMENTATION_COMMENTS = YES;
				CLANG_WARN_EMPTY_BODY = YES;
				CLANG_WARN_ENUM_CONVERSION = YES;
				CLANG_WARN_INFINITE_RECURSION = YES;
				CLANG_WARN_INT_CONVERSION = YES;
				CLANG_WARN_NON_LITERAL_NULL_CONVERSION = YES;
				CLANG_WARN_OBJC_IMPLICIT_RETAIN_SELF = YES;
				CLANG_WARN_OBJC_LITERAL_CONVERSION = YES;
				CLANG_WARN_OBJC_ROOT_CLASS = YES_ERROR;
				CLANG_WARN_QUOTED_INCLUDE_IN_FRAMEWORK_HEADER = YES;
				CLANG_WARN_RANGE_LOOP_ANALYSIS = YES;
				CLANG_WARN_STRICT_PROTOTYPES = YES;
				CLANG_WARN_SUSPICIOUS_MOVE = YES;
				CLANG_WARN_UNGUARDED_AVAILABILITY = YES_AGGRESSIVE;
				CLANG_WARN_UNREACHABLE_CODE = YES;
				CLANG_WARN__DUPLICATE_METHOD_MATCH = YES;
				COPY_PHASE_STRIP = NO;
				DEBUG_INFORMATION_FORMAT = dwarf;
				ENABLE_STRICT_OBJC_MSGSEND = YES;
				ENABLE_TESTABILITY = YES;
				GCC_C_LANGUAGE_STANDARD = gnu11;
				GCC_DYNAMIC_NO_PIC = NO;
				GCC_NO_COMMON_BLOCKS = YES;
				GCC_OPTIMIZATION_LEVEL = 0;
				GCC_PREPROCESSOR_DEFINITIONS = (
					"DEBUG=1",
					"$(inherited)",
				);
				GCC_WARN_64_TO_32_BIT_CONVERSION = YES;
				GCC_WARN_ABOUT_RETURN_TYPE = YES_ERROR;
				GCC_WARN_UNDECLARED_SELECTOR = YES;
				GCC_WARN_UNINITIALIZED_AUTOS = YES_AGGRESSIVE;
				GCC_WARN_UNUSED_FUNCTION = YES;
				GCC_WARN_UNUSED_VARIABLE = YES;
				IPHONEOS_DEPLOYMENT_TARGET = 16.4;
				MTL_ENABLE_DEBUG_INFO = INCLUDE_SOURCE;
				MTL_FAST_MATH = YES;
				ONLY_ACTIVE_ARCH = YES;
				SDKROOT = iphoneos;
				SWIFT_ACTIVE_COMPILATION_CONDITIONS = DEBUG;
				SWIFT_OPTIMIZATION_LEVEL = "-Onone";
			};
			name = Debug;
		};
		5AA9DF2629F9805A00E87603 /* Release */ = {
			isa = XCBuildConfiguration;
			buildSettings = {
				ALWAYS_SEARCH_USER_PATHS = NO;
				CLANG_ANALYZER_NONNULL = YES;
				CLANG_ANALYZER_NUMBER_OBJECT_CONVERSION = YES_AGGRESSIVE;
				CLANG_CXX_LANGUAGE_STANDARD = "gnu++20";
				CLANG_ENABLE_MODULES = YES;
				CLANG_ENABLE_OBJC_ARC = YES;
				CLANG_ENABLE_OBJC_WEAK = YES;
				CLANG_WARN_BLOCK_CAPTURE_AUTORELEASING = YES;
				CLANG_WARN_BOOL_CONVERSION = YES;
				CLANG_WARN_COMMA = YES;
				CLANG_WARN_CONSTANT_CONVERSION = YES;
				CLANG_WARN_DEPRECATED_OBJC_IMPLEMENTATIONS = YES;
				CLANG_WARN_DIRECT_OBJC_ISA_USAGE = YES_ERROR;
				CLANG_WARN_DOCUMENTATION_COMMENTS = YES;
				CLANG_WARN_EMPTY_BODY = YES;
				CLANG_WARN_ENUM_CONVERSION = YES;
				CLANG_WARN_INFINITE_RECURSION = YES;
				CLANG_WARN_INT_CONVERSION = YES;
				CLANG_WARN_NON_LITERAL_NULL_CONVERSION = YES;
				CLANG_WARN_OBJC_IMPLICIT_RETAIN_SELF = YES;
				CLANG_WARN_OBJC_LITERAL_CONVERSION = YES;
				CLANG_WARN_OBJC_ROOT_CLASS = YES_ERROR;
				CLANG_WARN_QUOTED_INCLUDE_IN_FRAMEWORK_HEADER = YES;
				CLANG_WARN_RANGE_LOOP_ANALYSIS = YES;
				CLANG_WARN_STRICT_PROTOTYPES = YES;
				CLANG_WARN_SUSPICIOUS_MOVE = YES;
				CLANG_WARN_UNGUARDED_AVAILABILITY = YES_AGGRESSIVE;
				CLANG_WARN_UNREACHABLE_CODE = YES;
				CLANG_WARN__DUPLICATE_METHOD_MATCH = YES;
				COPY_PHASE_STRIP = NO;
				DEBUG_INFORMATION_FORMAT = "dwarf-with-dsym";
				ENABLE_NS_ASSERTIONS = NO;
				ENABLE_STRICT_OBJC_MSGSEND = YES;
				GCC_C_LANGUAGE_STANDARD = gnu11;
				GCC_NO_COMMON_BLOCKS = YES;
				GCC_WARN_64_TO_32_BIT_CONVERSION = YES;
				GCC_WARN_ABOUT_RETURN_TYPE = YES_ERROR;
				GCC_WARN_UNDECLARED_SELECTOR = YES;
				GCC_WARN_UNINITIALIZED_AUTOS = YES_AGGRESSIVE;
				GCC_WARN_UNUSED_FUNCTION = YES;
				GCC_WARN_UNUSED_VARIABLE = YES;
				IPHONEOS_DEPLOYMENT_TARGET = 16.4;
				MTL_ENABLE_DEBUG_INFO = NO;
				MTL_FAST_MATH = YES;
				SDKROOT = iphoneos;
				SWIFT_COMPILATION_MODE = wholemodule;
				SWIFT_OPTIMIZATION_LEVEL = "-O";
				VALIDATE_PRODUCT = YES;
			};
			name = Release;
		};
		5AA9DF2829F9805A00E87603 /* Debug */ = {
			isa = XCBuildConfiguration;
			buildSettings = {
				ASSETCATALOG_COMPILER_APPICON_NAME = AppIcon;
				ASSETCATALOG_COMPILER_GLOBAL_ACCENT_COLOR_NAME = AccentColor;
				CODE_SIGN_STYLE = Automatic;
				CURRENT_PROJECT_VERSION = 1;
				DEVELOPMENT_ASSET_PATHS = "\"posters-shopping-app/Preview Content\"";
				DEVELOPMENT_TEAM = 94P9U8H695;
				ENABLE_PREVIEWS = YES;
				GENERATE_INFOPLIST_FILE = YES;
				INFOPLIST_KEY_UIApplicationSceneManifest_Generation = YES;
				INFOPLIST_KEY_UIApplicationSupportsIndirectInputEvents = YES;
				INFOPLIST_KEY_UILaunchScreen_Generation = YES;
				INFOPLIST_KEY_UISupportedInterfaceOrientations_iPad = "UIInterfaceOrientationPortrait UIInterfaceOrientationPortraitUpsideDown UIInterfaceOrientationLandscapeLeft UIInterfaceOrientationLandscapeRight";
				INFOPLIST_KEY_UISupportedInterfaceOrientations_iPhone = "UIInterfaceOrientationPortrait UIInterfaceOrientationLandscapeLeft UIInterfaceOrientationLandscapeRight";
				LD_RUNPATH_SEARCH_PATHS = (
					"$(inherited)",
					"@executable_path/Frameworks",
				);
				MARKETING_VERSION = 1.0;
				PRODUCT_BUNDLE_IDENTIFIER = "RP.posters-shopping-app";
				PRODUCT_NAME = "$(TARGET_NAME)";
				SWIFT_EMIT_LOC_STRINGS = YES;
				SWIFT_VERSION = 5.0;
				TARGETED_DEVICE_FAMILY = "1,2";
			};
			name = Debug;
		};
		5AA9DF2929F9805A00E87603 /* Release */ = {
			isa = XCBuildConfiguration;
			buildSettings = {
				ASSETCATALOG_COMPILER_APPICON_NAME = AppIcon;
				ASSETCATALOG_COMPILER_GLOBAL_ACCENT_COLOR_NAME = AccentColor;
				CODE_SIGN_STYLE = Automatic;
				CURRENT_PROJECT_VERSION = 1;
				DEVELOPMENT_ASSET_PATHS = "\"posters-shopping-app/Preview Content\"";
				DEVELOPMENT_TEAM = 94P9U8H695;
				ENABLE_PREVIEWS = YES;
				GENERATE_INFOPLIST_FILE = YES;
				INFOPLIST_KEY_UIApplicationSceneManifest_Generation = YES;
				INFOPLIST_KEY_UIApplicationSupportsIndirectInputEvents = YES;
				INFOPLIST_KEY_UILaunchScreen_Generation = YES;
				INFOPLIST_KEY_UISupportedInterfaceOrientations_iPad = "UIInterfaceOrientationPortrait UIInterfaceOrientationPortraitUpsideDown UIInterfaceOrientationLandscapeLeft UIInterfaceOrientationLandscapeRight";
				INFOPLIST_KEY_UISupportedInterfaceOrientations_iPhone = "UIInterfaceOrientationPortrait UIInterfaceOrientationLandscapeLeft UIInterfaceOrientationLandscapeRight";
				LD_RUNPATH_SEARCH_PATHS = (
					"$(inherited)",
					"@executable_path/Frameworks",
				);
				MARKETING_VERSION = 1.0;
				PRODUCT_BUNDLE_IDENTIFIER = "RP.posters-shopping-app";
				PRODUCT_NAME = "$(TARGET_NAME)";
				SWIFT_EMIT_LOC_STRINGS = YES;
				SWIFT_VERSION = 5.0;
				TARGETED_DEVICE_FAMILY = "1,2";
			};
			name = Release;
		};
		5AA9DF2B29F9805A00E87603 /* Debug */ = {
			isa = XCBuildConfiguration;
			buildSettings = {
				ALWAYS_EMBED_SWIFT_STANDARD_LIBRARIES = YES;
				BUNDLE_LOADER = "$(TEST_HOST)";
				CODE_SIGN_STYLE = Automatic;
				CURRENT_PROJECT_VERSION = 1;
				DEVELOPMENT_TEAM = 94P9U8H695;
				GENERATE_INFOPLIST_FILE = YES;
				IPHONEOS_DEPLOYMENT_TARGET = 16.4;
				MARKETING_VERSION = 1.0;
				PRODUCT_BUNDLE_IDENTIFIER = "RP.posters-shopping-appTests";
				PRODUCT_NAME = "$(TARGET_NAME)";
				SWIFT_EMIT_LOC_STRINGS = NO;
				SWIFT_VERSION = 5.0;
				TARGETED_DEVICE_FAMILY = "1,2";
				TEST_HOST = "$(BUILT_PRODUCTS_DIR)/posters-shopping-app.app/$(BUNDLE_EXECUTABLE_FOLDER_PATH)/posters-shopping-app";
			};
			name = Debug;
		};
		5AA9DF2C29F9805A00E87603 /* Release */ = {
			isa = XCBuildConfiguration;
			buildSettings = {
				ALWAYS_EMBED_SWIFT_STANDARD_LIBRARIES = YES;
				BUNDLE_LOADER = "$(TEST_HOST)";
				CODE_SIGN_STYLE = Automatic;
				CURRENT_PROJECT_VERSION = 1;
				DEVELOPMENT_TEAM = 94P9U8H695;
				GENERATE_INFOPLIST_FILE = YES;
				IPHONEOS_DEPLOYMENT_TARGET = 16.4;
				MARKETING_VERSION = 1.0;
				PRODUCT_BUNDLE_IDENTIFIER = "RP.posters-shopping-appTests";
				PRODUCT_NAME = "$(TARGET_NAME)";
				SWIFT_EMIT_LOC_STRINGS = NO;
				SWIFT_VERSION = 5.0;
				TARGETED_DEVICE_FAMILY = "1,2";
				TEST_HOST = "$(BUILT_PRODUCTS_DIR)/posters-shopping-app.app/$(BUNDLE_EXECUTABLE_FOLDER_PATH)/posters-shopping-app";
			};
			name = Release;
		};
		5AA9DF2E29F9805A00E87603 /* Debug */ = {
			isa = XCBuildConfiguration;
			buildSettings = {
				ALWAYS_EMBED_SWIFT_STANDARD_LIBRARIES = YES;
				CODE_SIGN_STYLE = Automatic;
				CURRENT_PROJECT_VERSION = 1;
				DEVELOPMENT_TEAM = 94P9U8H695;
				GENERATE_INFOPLIST_FILE = YES;
				MARKETING_VERSION = 1.0;
				PRODUCT_BUNDLE_IDENTIFIER = "RP.posters-shopping-appUITests";
				PRODUCT_NAME = "$(TARGET_NAME)";
				SWIFT_EMIT_LOC_STRINGS = NO;
				SWIFT_VERSION = 5.0;
				TARGETED_DEVICE_FAMILY = "1,2";
				TEST_TARGET_NAME = "posters-shopping-app";
			};
			name = Debug;
		};
		5AA9DF2F29F9805A00E87603 /* Release */ = {
			isa = XCBuildConfiguration;
			buildSettings = {
				ALWAYS_EMBED_SWIFT_STANDARD_LIBRARIES = YES;
				CODE_SIGN_STYLE = Automatic;
				CURRENT_PROJECT_VERSION = 1;
				DEVELOPMENT_TEAM = 94P9U8H695;
				GENERATE_INFOPLIST_FILE = YES;
				MARKETING_VERSION = 1.0;
				PRODUCT_BUNDLE_IDENTIFIER = "RP.posters-shopping-appUITests";
				PRODUCT_NAME = "$(TARGET_NAME)";
				SWIFT_EMIT_LOC_STRINGS = NO;
				SWIFT_VERSION = 5.0;
				TARGETED_DEVICE_FAMILY = "1,2";
				TEST_TARGET_NAME = "posters-shopping-app";
			};
			name = Release;
		};
/* End XCBuildConfiguration section */

/* Begin XCConfigurationList section */
		5AA9DEFE29F9805700E87603 /* Build configuration list for PBXProject "posters-shopping-app" */ = {
			isa = XCConfigurationList;
			buildConfigurations = (
				5AA9DF2529F9805A00E87603 /* Debug */,
				5AA9DF2629F9805A00E87603 /* Release */,
			);
			defaultConfigurationIsVisible = 0;
			defaultConfigurationName = Release;
		};
		5AA9DF2729F9805A00E87603 /* Build configuration list for PBXNativeTarget "posters-shopping-app" */ = {
			isa = XCConfigurationList;
			buildConfigurations = (
				5AA9DF2829F9805A00E87603 /* Debug */,
				5AA9DF2929F9805A00E87603 /* Release */,
			);
			defaultConfigurationIsVisible = 0;
			defaultConfigurationName = Release;
		};
		5AA9DF2A29F9805A00E87603 /* Build configuration list for PBXNativeTarget "posters-shopping-appTests" */ = {
			isa = XCConfigurationList;
			buildConfigurations = (
				5AA9DF2B29F9805A00E87603 /* Debug */,
				5AA9DF2C29F9805A00E87603 /* Release */,
			);
			defaultConfigurationIsVisible = 0;
			defaultConfigurationName = Release;
		};
		5AA9DF2D29F9805A00E87603 /* Build configuration list for PBXNativeTarget "posters-shopping-appUITests" */ = {
			isa = XCConfigurationList;
			buildConfigurations = (
				5AA9DF2E29F9805A00E87603 /* Debug */,
				5AA9DF2F29F9805A00E87603 /* Release */,
			);
			defaultConfigurationIsVisible = 0;
			defaultConfigurationName = Release;
		};
/* End XCConfigurationList section */
	};
	rootObject = 5AA9DEFB29F9805700E87603 /* Project object */;
}
